// !$*UTF8*$!
{
	archiveVersion = 1;
	classes = {
	};
	objectVersion = 50;
	objects = {

/* Begin PBXBuildFile section */
		3C66976C26426C4700D4F3B2 /* AppDelegate.swift in Sources */ = {isa = PBXBuildFile; fileRef = 3C66976B26426C4700D4F3B2 /* AppDelegate.swift */; };
		3C66976E26426C4700D4F3B2 /* SceneDelegate.swift in Sources */ = {isa = PBXBuildFile; fileRef = 3C66976D26426C4700D4F3B2 /* SceneDelegate.swift */; };
		3C66977326426C4700D4F3B2 /* Main.storyboard in Resources */ = {isa = PBXBuildFile; fileRef = 3C66977126426C4700D4F3B2 /* Main.storyboard */; };
		3C66977626426C4700D4F3B2 /* Adopte.xcdatamodeld in Sources */ = {isa = PBXBuildFile; fileRef = 3C66977426426C4700D4F3B2 /* Adopte.xcdatamodeld */; };
		3C66977826426C4700D4F3B2 /* Assets.xcassets in Resources */ = {isa = PBXBuildFile; fileRef = 3C66977726426C4700D4F3B2 /* Assets.xcassets */; };
		3C66977B26426C4700D4F3B2 /* LaunchScreen.storyboard in Resources */ = {isa = PBXBuildFile; fileRef = 3C66977926426C4700D4F3B2 /* LaunchScreen.storyboard */; };
		3C66978626426C4800D4F3B2 /* AdopteTests.swift in Sources */ = {isa = PBXBuildFile; fileRef = 3C66978526426C4800D4F3B2 /* AdopteTests.swift */; };
		3C66979126426C4800D4F3B2 /* AdopteUITests.swift in Sources */ = {isa = PBXBuildFile; fileRef = 3C66979026426C4800D4F3B2 /* AdopteUITests.swift */; };
		3C6697A026426CCE00D4F3B2 /* Serializable.swift in Sources */ = {isa = PBXBuildFile; fileRef = 3C66979F26426CCE00D4F3B2 /* Serializable.swift */; };
		3C6697A326426CEE00D4F3B2 /* User.swift in Sources */ = {isa = PBXBuildFile; fileRef = 3C6697A226426CEE00D4F3B2 /* User.swift */; };
		3C6697A62642722E00D4F3B2 /* NetworkManager.swift in Sources */ = {isa = PBXBuildFile; fileRef = 3C6697A52642722E00D4F3B2 /* NetworkManager.swift */; };
		3C6697AC264272C900D4F3B2 /* AbstractCollectionView.swift in Sources */ = {isa = PBXBuildFile; fileRef = 3C6697AB264272C900D4F3B2 /* AbstractCollectionView.swift */; };
		3C6697AF264272D900D4F3B2 /* AbstractDefaultCollectionViewCell.swift in Sources */ = {isa = PBXBuildFile; fileRef = 3C6697AE264272D900D4F3B2 /* AbstractDefaultCollectionViewCell.swift */; };
		3C6697B1264272E700D4F3B2 /* AbstractDefaultCollectionViewCell.xib in Resources */ = {isa = PBXBuildFile; fileRef = 3C6697B0264272E700D4F3B2 /* AbstractDefaultCollectionViewCell.xib */; };
		3C6697B52642731100D4F3B2 /* UserCollectionViewCell.swift in Sources */ = {isa = PBXBuildFile; fileRef = 3C6697B32642731100D4F3B2 /* UserCollectionViewCell.swift */; };
		3C6697B62642731100D4F3B2 /* UserCollectionViewCell.xib in Resources */ = {isa = PBXBuildFile; fileRef = 3C6697B42642731100D4F3B2 /* UserCollectionViewCell.xib */; };
		3C89ACD4264299A700529E21 /* Reachability.swift in Sources */ = {isa = PBXBuildFile; fileRef = 3C89ACD3264299A700529E21 /* Reachability.swift */; };
		3C89ACD626429F3C00529E21 /* UserProfileWebViewVC.swift in Sources */ = {isa = PBXBuildFile; fileRef = 3C89ACD526429F3C00529E21 /* UserProfileWebViewVC.swift */; };
		3CFE758726427643004BFA0E /* NavigationViewControllerHelper.swift in Sources */ = {isa = PBXBuildFile; fileRef = 3CFE758626427643004BFA0E /* NavigationViewControllerHelper.swift */; };
		3CFE758A264276E2004BFA0E /* UserDetailsProfileVC.swift in Sources */ = {isa = PBXBuildFile; fileRef = 3CFE7589264276E2004BFA0E /* UserDetailsProfileVC.swift */; };
		3CFE758C264277F7004BFA0E /* HomeVC.swift in Sources */ = {isa = PBXBuildFile; fileRef = 3CFE758B264277F7004BFA0E /* HomeVC.swift */; };
		3CFE758E2642792B004BFA0E /* Extensions.swift in Sources */ = {isa = PBXBuildFile; fileRef = 3CFE758D2642792B004BFA0E /* Extensions.swift */; };
		3CFE759026427BD7004BFA0E /* Constants.swift in Sources */ = {isa = PBXBuildFile; fileRef = 3CFE758F26427BD7004BFA0E /* Constants.swift */; };
		3CFE759226427DD1004BFA0E /* PaddingLabel.swift in Sources */ = {isa = PBXBuildFile; fileRef = 3CFE759126427DD1004BFA0E /* PaddingLabel.swift */; };
		3CFE759526427F45004BFA0E /* Follower.swift in Sources */ = {isa = PBXBuildFile; fileRef = 3CFE759426427F45004BFA0E /* Follower.swift */; };
		3CFE759726427FC3004BFA0E /* UserProfile.swift in Sources */ = {isa = PBXBuildFile; fileRef = 3CFE759626427FC3004BFA0E /* UserProfile.swift */; };
		3CFE759A26428A42004BFA0E /* Gradient.swift in Sources */ = {isa = PBXBuildFile; fileRef = 3CFE759926428A42004BFA0E /* Gradient.swift */; };
/* End PBXBuildFile section */

/* Begin PBXContainerItemProxy section */
		3C66978226426C4800D4F3B2 /* PBXContainerItemProxy */ = {
			isa = PBXContainerItemProxy;
			containerPortal = 3C66976026426C4700D4F3B2 /* Project object */;
			proxyType = 1;
			remoteGlobalIDString = 3C66976726426C4700D4F3B2;
			remoteInfo = Adopte;
		};
		3C66978D26426C4800D4F3B2 /* PBXContainerItemProxy */ = {
			isa = PBXContainerItemProxy;
			containerPortal = 3C66976026426C4700D4F3B2 /* Project object */;
			proxyType = 1;
			remoteGlobalIDString = 3C66976726426C4700D4F3B2;
			remoteInfo = Adopte;
		};
/* End PBXContainerItemProxy section */

/* Begin PBXFileReference section */
		3C66976826426C4700D4F3B2 /* Adopte.app */ = {isa = PBXFileReference; explicitFileType = wrapper.application; includeInIndex = 0; path = Adopte.app; sourceTree = BUILT_PRODUCTS_DIR; };
		3C66976B26426C4700D4F3B2 /* AppDelegate.swift */ = {isa = PBXFileReference; lastKnownFileType = sourcecode.swift; path = AppDelegate.swift; sourceTree = "<group>"; };
		3C66976D26426C4700D4F3B2 /* SceneDelegate.swift */ = {isa = PBXFileReference; lastKnownFileType = sourcecode.swift; path = SceneDelegate.swift; sourceTree = "<group>"; };
		3C66977226426C4700D4F3B2 /* Base */ = {isa = PBXFileReference; lastKnownFileType = file.storyboard; name = Base; path = Base.lproj/Main.storyboard; sourceTree = "<group>"; };
		3C66977526426C4700D4F3B2 /* Adopte.xcdatamodel */ = {isa = PBXFileReference; lastKnownFileType = wrapper.xcdatamodel; path = Adopte.xcdatamodel; sourceTree = "<group>"; };
		3C66977726426C4700D4F3B2 /* Assets.xcassets */ = {isa = PBXFileReference; lastKnownFileType = folder.assetcatalog; path = Assets.xcassets; sourceTree = "<group>"; };
		3C66977A26426C4700D4F3B2 /* Base */ = {isa = PBXFileReference; lastKnownFileType = file.storyboard; name = Base; path = Base.lproj/LaunchScreen.storyboard; sourceTree = "<group>"; };
		3C66977C26426C4700D4F3B2 /* Info.plist */ = {isa = PBXFileReference; lastKnownFileType = text.plist.xml; path = Info.plist; sourceTree = "<group>"; };
		3C66978126426C4800D4F3B2 /* AdopteTests.xctest */ = {isa = PBXFileReference; explicitFileType = wrapper.cfbundle; includeInIndex = 0; path = AdopteTests.xctest; sourceTree = BUILT_PRODUCTS_DIR; };
		3C66978526426C4800D4F3B2 /* AdopteTests.swift */ = {isa = PBXFileReference; lastKnownFileType = sourcecode.swift; path = AdopteTests.swift; sourceTree = "<group>"; };
		3C66978726426C4800D4F3B2 /* Info.plist */ = {isa = PBXFileReference; lastKnownFileType = text.plist.xml; path = Info.plist; sourceTree = "<group>"; };
		3C66978C26426C4800D4F3B2 /* AdopteUITests.xctest */ = {isa = PBXFileReference; explicitFileType = wrapper.cfbundle; includeInIndex = 0; path = AdopteUITests.xctest; sourceTree = BUILT_PRODUCTS_DIR; };
		3C66979026426C4800D4F3B2 /* AdopteUITests.swift */ = {isa = PBXFileReference; lastKnownFileType = sourcecode.swift; path = AdopteUITests.swift; sourceTree = "<group>"; };
		3C66979226426C4800D4F3B2 /* Info.plist */ = {isa = PBXFileReference; lastKnownFileType = text.plist.xml; path = Info.plist; sourceTree = "<group>"; };
		3C66979F26426CCE00D4F3B2 /* Serializable.swift */ = {isa = PBXFileReference; lastKnownFileType = sourcecode.swift; path = Serializable.swift; sourceTree = "<group>"; };
		3C6697A226426CEE00D4F3B2 /* User.swift */ = {isa = PBXFileReference; lastKnownFileType = sourcecode.swift; path = User.swift; sourceTree = "<group>"; };
		3C6697A52642722E00D4F3B2 /* NetworkManager.swift */ = {isa = PBXFileReference; lastKnownFileType = sourcecode.swift; path = NetworkManager.swift; sourceTree = "<group>"; };
		3C6697AB264272C900D4F3B2 /* AbstractCollectionView.swift */ = {isa = PBXFileReference; lastKnownFileType = sourcecode.swift; path = AbstractCollectionView.swift; sourceTree = "<group>"; };
		3C6697AE264272D900D4F3B2 /* AbstractDefaultCollectionViewCell.swift */ = {isa = PBXFileReference; lastKnownFileType = sourcecode.swift; path = AbstractDefaultCollectionViewCell.swift; sourceTree = "<group>"; };
		3C6697B0264272E700D4F3B2 /* AbstractDefaultCollectionViewCell.xib */ = {isa = PBXFileReference; fileEncoding = 4; lastKnownFileType = file.xib; path = AbstractDefaultCollectionViewCell.xib; sourceTree = "<group>"; };
		3C6697B32642731100D4F3B2 /* UserCollectionViewCell.swift */ = {isa = PBXFileReference; lastKnownFileType = sourcecode.swift; path = UserCollectionViewCell.swift; sourceTree = "<group>"; };
		3C6697B42642731100D4F3B2 /* UserCollectionViewCell.xib */ = {isa = PBXFileReference; lastKnownFileType = file.xib; path = UserCollectionViewCell.xib; sourceTree = "<group>"; };
		3C89ACD3264299A700529E21 /* Reachability.swift */ = {isa = PBXFileReference; lastKnownFileType = sourcecode.swift; path = Reachability.swift; sourceTree = "<group>"; };
		3C89ACD526429F3C00529E21 /* UserProfileWebViewVC.swift */ = {isa = PBXFileReference; lastKnownFileType = sourcecode.swift; path = UserProfileWebViewVC.swift; sourceTree = "<group>"; };
		3CFE758626427643004BFA0E /* NavigationViewControllerHelper.swift */ = {isa = PBXFileReference; fileEncoding = 4; lastKnownFileType = sourcecode.swift; path = NavigationViewControllerHelper.swift; sourceTree = "<group>"; };
		3CFE7589264276E2004BFA0E /* UserDetailsProfileVC.swift */ = {isa = PBXFileReference; lastKnownFileType = sourcecode.swift; path = UserDetailsProfileVC.swift; sourceTree = "<group>"; };
		3CFE758B264277F7004BFA0E /* HomeVC.swift */ = {isa = PBXFileReference; lastKnownFileType = sourcecode.swift; path = HomeVC.swift; sourceTree = "<group>"; };
		3CFE758D2642792B004BFA0E /* Extensions.swift */ = {isa = PBXFileReference; fileEncoding = 4; lastKnownFileType = sourcecode.swift; path = Extensions.swift; sourceTree = "<group>"; };
		3CFE758F26427BD7004BFA0E /* Constants.swift */ = {isa = PBXFileReference; lastKnownFileType = sourcecode.swift; path = Constants.swift; sourceTree = "<group>"; };
		3CFE759126427DD1004BFA0E /* PaddingLabel.swift */ = {isa = PBXFileReference; fileEncoding = 4; lastKnownFileType = sourcecode.swift; path = PaddingLabel.swift; sourceTree = "<group>"; };
		3CFE759426427F45004BFA0E /* Follower.swift */ = {isa = PBXFileReference; lastKnownFileType = sourcecode.swift; path = Follower.swift; sourceTree = "<group>"; };
		3CFE759626427FC3004BFA0E /* UserProfile.swift */ = {isa = PBXFileReference; lastKnownFileType = sourcecode.swift; path = UserProfile.swift; sourceTree = "<group>"; };
		3CFE759926428A42004BFA0E /* Gradient.swift */ = {isa = PBXFileReference; fileEncoding = 4; lastKnownFileType = sourcecode.swift; path = Gradient.swift; sourceTree = "<group>"; };
/* End PBXFileReference section */

/* Begin PBXFrameworksBuildPhase section */
		3C66976526426C4700D4F3B2 /* Frameworks */ = {
			isa = PBXFrameworksBuildPhase;
			buildActionMask = 2147483647;
			files = (
			);
			runOnlyForDeploymentPostprocessing = 0;
		};
		3C66977E26426C4800D4F3B2 /* Frameworks */ = {
			isa = PBXFrameworksBuildPhase;
			buildActionMask = 2147483647;
			files = (
			);
			runOnlyForDeploymentPostprocessing = 0;
		};
		3C66978926426C4800D4F3B2 /* Frameworks */ = {
			isa = PBXFrameworksBuildPhase;
			buildActionMask = 2147483647;
			files = (
			);
			runOnlyForDeploymentPostprocessing = 0;
		};
/* End PBXFrameworksBuildPhase section */

/* Begin PBXGroup section */
		3C66975F26426C4700D4F3B2 = {
			isa = PBXGroup;
			children = (
				3C66976A26426C4700D4F3B2 /* Adopte */,
				3C66978426426C4800D4F3B2 /* AdopteTests */,
				3C66978F26426C4800D4F3B2 /* AdopteUITests */,
				3C66976926426C4700D4F3B2 /* Products */,
			);
			sourceTree = "<group>";
		};
		3C66976926426C4700D4F3B2 /* Products */ = {
			isa = PBXGroup;
			children = (
				3C66976826426C4700D4F3B2 /* Adopte.app */,
				3C66978126426C4800D4F3B2 /* AdopteTests.xctest */,
				3C66978C26426C4800D4F3B2 /* AdopteUITests.xctest */,
			);
			name = Products;
			sourceTree = "<group>";
		};
		3C66976A26426C4700D4F3B2 /* Adopte */ = {
			isa = PBXGroup;
			children = (
				3CFE758826427645004BFA0E /* Helpers */,
				3C6697A8264272AB00D4F3B2 /* Custom classes */,
				3C6697A72642726B00D4F3B2 /* View Controllers */,
				3C6697A42642721F00D4F3B2 /* Network */,
				3C6697A126426CE600D4F3B2 /* MODELS */,
				3C66976B26426C4700D4F3B2 /* AppDelegate.swift */,
				3C66976D26426C4700D4F3B2 /* SceneDelegate.swift */,
				3C66977126426C4700D4F3B2 /* Main.storyboard */,
				3C66977726426C4700D4F3B2 /* Assets.xcassets */,
				3C66977926426C4700D4F3B2 /* LaunchScreen.storyboard */,
				3C66977C26426C4700D4F3B2 /* Info.plist */,
				3C66977426426C4700D4F3B2 /* Adopte.xcdatamodeld */,
			);
			path = Adopte;
			sourceTree = "<group>";
		};
		3C66978426426C4800D4F3B2 /* AdopteTests */ = {
			isa = PBXGroup;
			children = (
				3C66978526426C4800D4F3B2 /* AdopteTests.swift */,
				3C66978726426C4800D4F3B2 /* Info.plist */,
			);
			path = AdopteTests;
			sourceTree = "<group>";
		};
		3C66978F26426C4800D4F3B2 /* AdopteUITests */ = {
			isa = PBXGroup;
			children = (
				3C66979026426C4800D4F3B2 /* AdopteUITests.swift */,
				3C66979226426C4800D4F3B2 /* Info.plist */,
			);
			path = AdopteUITests;
			sourceTree = "<group>";
		};
		3C6697A126426CE600D4F3B2 /* MODELS */ = {
			isa = PBXGroup;
			children = (
				3C6697A226426CEE00D4F3B2 /* User.swift */,
				3CFE759426427F45004BFA0E /* Follower.swift */,
				3C66979F26426CCE00D4F3B2 /* Serializable.swift */,
				3CFE759626427FC3004BFA0E /* UserProfile.swift */,
			);
			path = MODELS;
			sourceTree = "<group>";
		};
		3C6697A42642721F00D4F3B2 /* Network */ = {
			isa = PBXGroup;
			children = (
				3C6697A52642722E00D4F3B2 /* NetworkManager.swift */,
			);
			path = Network;
			sourceTree = "<group>";
		};
		3C6697A72642726B00D4F3B2 /* View Controllers */ = {
			isa = PBXGroup;
			children = (
				3CFE758B264277F7004BFA0E /* HomeVC.swift */,
				3CFE7589264276E2004BFA0E /* UserDetailsProfileVC.swift */,
				3C89ACD526429F3C00529E21 /* UserProfileWebViewVC.swift */,
			);
			path = "View Controllers";
			sourceTree = "<group>";
		};
		3C6697A8264272AB00D4F3B2 /* Custom classes */ = {
			isa = PBXGroup;
			children = (
				3CFE7598264281B9004BFA0E /* Custom CollectionView */,
				3CFE759326427DD3004BFA0E /* Labels */,
				3CFE759926428A42004BFA0E /* Gradient.swift */,
			);
			path = "Custom classes";
			sourceTree = "<group>";
		};
		3C6697B2264272F900D4F3B2 /* Users */ = {
			isa = PBXGroup;
			children = (
				3C6697B32642731100D4F3B2 /* UserCollectionViewCell.swift */,
				3C6697B42642731100D4F3B2 /* UserCollectionViewCell.xib */,
			);
			path = Users;
			sourceTree = "<group>";
		};
		3CFE758826427645004BFA0E /* Helpers */ = {
			isa = PBXGroup;
			children = (
				3CFE758626427643004BFA0E /* NavigationViewControllerHelper.swift */,
				3CFE758D2642792B004BFA0E /* Extensions.swift */,
				3CFE758F26427BD7004BFA0E /* Constants.swift */,
				3C89ACD3264299A700529E21 /* Reachability.swift */,
			);
			path = Helpers;
			sourceTree = "<group>";
		};
		3CFE759326427DD3004BFA0E /* Labels */ = {
			isa = PBXGroup;
			children = (
				3CFE759126427DD1004BFA0E /* PaddingLabel.swift */,
			);
			path = Labels;
			sourceTree = "<group>";
		};
		3CFE7598264281B9004BFA0E /* Custom CollectionView */ = {
			isa = PBXGroup;
			children = (
				3C6697AB264272C900D4F3B2 /* AbstractCollectionView.swift */,
				3C6697AE264272D900D4F3B2 /* AbstractDefaultCollectionViewCell.swift */,
				3C6697B0264272E700D4F3B2 /* AbstractDefaultCollectionViewCell.xib */,
				3C6697B2264272F900D4F3B2 /* Users */,
			);
			path = "Custom CollectionView";
			sourceTree = "<group>";
		};
/* End PBXGroup section */

/* Begin PBXNativeTarget section */
		3C66976726426C4700D4F3B2 /* Adopte */ = {
			isa = PBXNativeTarget;
			buildConfigurationList = 3C66979526426C4800D4F3B2 /* Build configuration list for PBXNativeTarget "Adopte" */;
			buildPhases = (
				3C66976426426C4700D4F3B2 /* Sources */,
				3C66976526426C4700D4F3B2 /* Frameworks */,
				3C66976626426C4700D4F3B2 /* Resources */,
			);
			buildRules = (
			);
			dependencies = (
			);
			name = Adopte;
			productName = Adopte;
			productReference = 3C66976826426C4700D4F3B2 /* Adopte.app */;
			productType = "com.apple.product-type.application";
		};
		3C66978026426C4800D4F3B2 /* AdopteTests */ = {
			isa = PBXNativeTarget;
			buildConfigurationList = 3C66979826426C4800D4F3B2 /* Build configuration list for PBXNativeTarget "AdopteTests" */;
			buildPhases = (
				3C66977D26426C4800D4F3B2 /* Sources */,
				3C66977E26426C4800D4F3B2 /* Frameworks */,
				3C66977F26426C4800D4F3B2 /* Resources */,
			);
			buildRules = (
			);
			dependencies = (
				3C66978326426C4800D4F3B2 /* PBXTargetDependency */,
			);
			name = AdopteTests;
			productName = AdopteTests;
			productReference = 3C66978126426C4800D4F3B2 /* AdopteTests.xctest */;
			productType = "com.apple.product-type.bundle.unit-test";
		};
		3C66978B26426C4800D4F3B2 /* AdopteUITests */ = {
			isa = PBXNativeTarget;
			buildConfigurationList = 3C66979B26426C4800D4F3B2 /* Build configuration list for PBXNativeTarget "AdopteUITests" */;
			buildPhases = (
				3C66978826426C4800D4F3B2 /* Sources */,
				3C66978926426C4800D4F3B2 /* Frameworks */,
				3C66978A26426C4800D4F3B2 /* Resources */,
			);
			buildRules = (
			);
			dependencies = (
				3C66978E26426C4800D4F3B2 /* PBXTargetDependency */,
			);
			name = AdopteUITests;
			productName = AdopteUITests;
			productReference = 3C66978C26426C4800D4F3B2 /* AdopteUITests.xctest */;
			productType = "com.apple.product-type.bundle.ui-testing";
		};
/* End PBXNativeTarget section */

/* Begin PBXProject section */
		3C66976026426C4700D4F3B2 /* Project object */ = {
			isa = PBXProject;
			attributes = {
				LastSwiftUpdateCheck = 1250;
				LastUpgradeCheck = 1250;
				TargetAttributes = {
					3C66976726426C4700D4F3B2 = {
						CreatedOnToolsVersion = 12.5;
					};
					3C66978026426C4800D4F3B2 = {
						CreatedOnToolsVersion = 12.5;
						TestTargetID = 3C66976726426C4700D4F3B2;
					};
					3C66978B26426C4800D4F3B2 = {
						CreatedOnToolsVersion = 12.5;
						TestTargetID = 3C66976726426C4700D4F3B2;
					};
				};
			};
			buildConfigurationList = 3C66976326426C4700D4F3B2 /* Build configuration list for PBXProject "Adopte" */;
			compatibilityVersion = "Xcode 9.3";
			developmentRegion = en;
			hasScannedForEncodings = 0;
			knownRegions = (
				en,
				Base,
			);
			mainGroup = 3C66975F26426C4700D4F3B2;
			productRefGroup = 3C66976926426C4700D4F3B2 /* Products */;
			projectDirPath = "";
			projectRoot = "";
			targets = (
				3C66976726426C4700D4F3B2 /* Adopte */,
				3C66978026426C4800D4F3B2 /* AdopteTests */,
				3C66978B26426C4800D4F3B2 /* AdopteUITests */,
			);
		};
/* End PBXProject section */

/* Begin PBXResourcesBuildPhase section */
		3C66976626426C4700D4F3B2 /* Resources */ = {
			isa = PBXResourcesBuildPhase;
			buildActionMask = 2147483647;
			files = (
				3C66977B26426C4700D4F3B2 /* LaunchScreen.storyboard in Resources */,
				3C6697B62642731100D4F3B2 /* UserCollectionViewCell.xib in Resources */,
				3C66977826426C4700D4F3B2 /* Assets.xcassets in Resources */,
				3C6697B1264272E700D4F3B2 /* AbstractDefaultCollectionViewCell.xib in Resources */,
				3C66977326426C4700D4F3B2 /* Main.storyboard in Resources */,
			);
			runOnlyForDeploymentPostprocessing = 0;
		};
		3C66977F26426C4800D4F3B2 /* Resources */ = {
			isa = PBXResourcesBuildPhase;
			buildActionMask = 2147483647;
			files = (
			);
			runOnlyForDeploymentPostprocessing = 0;
		};
		3C66978A26426C4800D4F3B2 /* Resources */ = {
			isa = PBXResourcesBuildPhase;
			buildActionMask = 2147483647;
			files = (
			);
			runOnlyForDeploymentPostprocessing = 0;
		};
/* End PBXResourcesBuildPhase section */

/* Begin PBXSourcesBuildPhase section */
		3C66976426426C4700D4F3B2 /* Sources */ = {
			isa = PBXSourcesBuildPhase;
			buildActionMask = 2147483647;
			files = (
				3CFE758A264276E2004BFA0E /* UserDetailsProfileVC.swift in Sources */,
				3C6697AF264272D900D4F3B2 /* AbstractDefaultCollectionViewCell.swift in Sources */,
				3C66977626426C4700D4F3B2 /* Adopte.xcdatamodeld in Sources */,
				3CFE759526427F45004BFA0E /* Follower.swift in Sources */,
				3C6697A026426CCE00D4F3B2 /* Serializable.swift in Sources */,
				3CFE758C264277F7004BFA0E /* HomeVC.swift in Sources */,
				3C6697AC264272C900D4F3B2 /* AbstractCollectionView.swift in Sources */,
				3CFE759226427DD1004BFA0E /* PaddingLabel.swift in Sources */,
				3C6697A326426CEE00D4F3B2 /* User.swift in Sources */,
				3C6697A62642722E00D4F3B2 /* NetworkManager.swift in Sources */,
				3CFE758E2642792B004BFA0E /* Extensions.swift in Sources */,
				3C66976C26426C4700D4F3B2 /* AppDelegate.swift in Sources */,
				3CFE758726427643004BFA0E /* NavigationViewControllerHelper.swift in Sources */,
				3CFE759026427BD7004BFA0E /* Constants.swift in Sources */,
				3C66976E26426C4700D4F3B2 /* SceneDelegate.swift in Sources */,
				3C89ACD626429F3C00529E21 /* UserProfileWebViewVC.swift in Sources */,
				3C6697B52642731100D4F3B2 /* UserCollectionViewCell.swift in Sources */,
				3CFE759726427FC3004BFA0E /* UserProfile.swift in Sources */,
				3C89ACD4264299A700529E21 /* Reachability.swift in Sources */,
				3CFE759A26428A42004BFA0E /* Gradient.swift in Sources */,
			);
			runOnlyForDeploymentPostprocessing = 0;
		};
		3C66977D26426C4800D4F3B2 /* Sources */ = {
			isa = PBXSourcesBuildPhase;
			buildActionMask = 2147483647;
			files = (
				3C66978626426C4800D4F3B2 /* AdopteTests.swift in Sources */,
			);
			runOnlyForDeploymentPostprocessing = 0;
		};
		3C66978826426C4800D4F3B2 /* Sources */ = {
			isa = PBXSourcesBuildPhase;
			buildActionMask = 2147483647;
			files = (
				3C66979126426C4800D4F3B2 /* AdopteUITests.swift in Sources */,
			);
			runOnlyForDeploymentPostprocessing = 0;
		};
/* End PBXSourcesBuildPhase section */

/* Begin PBXTargetDependency section */
		3C66978326426C4800D4F3B2 /* PBXTargetDependency */ = {
			isa = PBXTargetDependency;
			target = 3C66976726426C4700D4F3B2 /* Adopte */;
			targetProxy = 3C66978226426C4800D4F3B2 /* PBXContainerItemProxy */;
		};
		3C66978E26426C4800D4F3B2 /* PBXTargetDependency */ = {
			isa = PBXTargetDependency;
			target = 3C66976726426C4700D4F3B2 /* Adopte */;
			targetProxy = 3C66978D26426C4800D4F3B2 /* PBXContainerItemProxy */;
		};
/* End PBXTargetDependency section */

/* Begin PBXVariantGroup section */
		3C66977126426C4700D4F3B2 /* Main.storyboard */ = {
			isa = PBXVariantGroup;
			children = (
				3C66977226426C4700D4F3B2 /* Base */,
			);
			name = Main.storyboard;
			sourceTree = "<group>";
		};
		3C66977926426C4700D4F3B2 /* LaunchScreen.storyboard */ = {
			isa = PBXVariantGroup;
			children = (
				3C66977A26426C4700D4F3B2 /* Base */,
			);
			name = LaunchScreen.storyboard;
			sourceTree = "<group>";
		};
/* End PBXVariantGroup section */

/* Begin XCBuildConfiguration section */
		3C66979326426C4800D4F3B2 /* Debug */ = {
			isa = XCBuildConfiguration;
			buildSettings = {
				ALWAYS_SEARCH_USER_PATHS = NO;
				CLANG_ANALYZER_NONNULL = YES;
				CLANG_ANALYZER_NUMBER_OBJECT_CONVERSION = YES_AGGRESSIVE;
				CLANG_CXX_LANGUAGE_STANDARD = "gnu++14";
				CLANG_CXX_LIBRARY = "libc++";
				CLANG_ENABLE_MODULES = YES;
				CLANG_ENABLE_OBJC_ARC = YES;
				CLANG_ENABLE_OBJC_WEAK = YES;
				CLANG_WARN_BLOCK_CAPTURE_AUTORELEASING = YES;
				CLANG_WARN_BOOL_CONVERSION = YES;
				CLANG_WARN_COMMA = YES;
				CLANG_WARN_CONSTANT_CONVERSION = YES;
				CLANG_WARN_DEPRECATED_OBJC_IMPLEMENTATIONS = YES;
				CLANG_WARN_DIRECT_OBJC_ISA_USAGE = YES_ERROR;
				CLANG_WARN_DOCUMENTATION_COMMENTS = YES;
				CLANG_WARN_EMPTY_BODY = YES;
				CLANG_WARN_ENUM_CONVERSION = YES;
				CLANG_WARN_INFINITE_RECURSION = YES;
				CLANG_WARN_INT_CONVERSION = YES;
				CLANG_WARN_NON_LITERAL_NULL_CONVERSION = YES;
				CLANG_WARN_OBJC_IMPLICIT_RETAIN_SELF = YES;
				CLANG_WARN_OBJC_LITERAL_CONVERSION = YES;
				CLANG_WARN_OBJC_ROOT_CLASS = YES_ERROR;
				CLANG_WARN_QUOTED_INCLUDE_IN_FRAMEWORK_HEADER = YES;
				CLANG_WARN_RANGE_LOOP_ANALYSIS = YES;
				CLANG_WARN_STRICT_PROTOTYPES = YES;
				CLANG_WARN_SUSPICIOUS_MOVE = YES;
				CLANG_WARN_UNGUARDED_AVAILABILITY = YES_AGGRESSIVE;
				CLANG_WARN_UNREACHABLE_CODE = YES;
				CLANG_WARN__DUPLICATE_METHOD_MATCH = YES;
				COPY_PHASE_STRIP = NO;
				DEBUG_INFORMATION_FORMAT = dwarf;
				ENABLE_STRICT_OBJC_MSGSEND = YES;
				ENABLE_TESTABILITY = YES;
				GCC_C_LANGUAGE_STANDARD = gnu11;
				GCC_DYNAMIC_NO_PIC = NO;
				GCC_NO_COMMON_BLOCKS = YES;
				GCC_OPTIMIZATION_LEVEL = 0;
				GCC_PREPROCESSOR_DEFINITIONS = (
					"DEBUG=1",
					"$(inherited)",
				);
				GCC_WARN_64_TO_32_BIT_CONVERSION = YES;
				GCC_WARN_ABOUT_RETURN_TYPE = YES_ERROR;
				GCC_WARN_UNDECLARED_SELECTOR = YES;
				GCC_WARN_UNINITIALIZED_AUTOS = YES_AGGRESSIVE;
				GCC_WARN_UNUSED_FUNCTION = YES;
				GCC_WARN_UNUSED_VARIABLE = YES;
				IPHONEOS_DEPLOYMENT_TARGET = 14.5;
				MTL_ENABLE_DEBUG_INFO = INCLUDE_SOURCE;
				MTL_FAST_MATH = YES;
				ONLY_ACTIVE_ARCH = YES;
				SDKROOT = iphoneos;
				SWIFT_ACTIVE_COMPILATION_CONDITIONS = DEBUG;
				SWIFT_OPTIMIZATION_LEVEL = "-Onone";
			};
			name = Debug;
		};
		3C66979426426C4800D4F3B2 /* Release */ = {
			isa = XCBuildConfiguration;
			buildSettings = {
				ALWAYS_SEARCH_USER_PATHS = NO;
				CLANG_ANALYZER_NONNULL = YES;
				CLANG_ANALYZER_NUMBER_OBJECT_CONVERSION = YES_AGGRESSIVE;
				CLANG_CXX_LANGUAGE_STANDARD = "gnu++14";
				CLANG_CXX_LIBRARY = "libc++";
				CLANG_ENABLE_MODULES = YES;
				CLANG_ENABLE_OBJC_ARC = YES;
				CLANG_ENABLE_OBJC_WEAK = YES;
				CLANG_WARN_BLOCK_CAPTURE_AUTORELEASING = YES;
				CLANG_WARN_BOOL_CONVERSION = YES;
				CLANG_WARN_COMMA = YES;
				CLANG_WARN_CONSTANT_CONVERSION = YES;
				CLANG_WARN_DEPRECATED_OBJC_IMPLEMENTATIONS = YES;
				CLANG_WARN_DIRECT_OBJC_ISA_USAGE = YES_ERROR;
				CLANG_WARN_DOCUMENTATION_COMMENTS = YES;
				CLANG_WARN_EMPTY_BODY = YES;
				CLANG_WARN_ENUM_CONVERSION = YES;
				CLANG_WARN_INFINITE_RECURSION = YES;
				CLANG_WARN_INT_CONVERSION = YES;
				CLANG_WARN_NON_LITERAL_NULL_CONVERSION = YES;
				CLANG_WARN_OBJC_IMPLICIT_RETAIN_SELF = YES;
				CLANG_WARN_OBJC_LITERAL_CONVERSION = YES;
				CLANG_WARN_OBJC_ROOT_CLASS = YES_ERROR;
				CLANG_WARN_QUOTED_INCLUDE_IN_FRAMEWORK_HEADER = YES;
				CLANG_WARN_RANGE_LOOP_ANALYSIS = YES;
				CLANG_WARN_STRICT_PROTOTYPES = YES;
				CLANG_WARN_SUSPICIOUS_MOVE = YES;
				CLANG_WARN_UNGUARDED_AVAILABILITY = YES_AGGRESSIVE;
				CLANG_WARN_UNREACHABLE_CODE = YES;
				CLANG_WARN__DUPLICATE_METHOD_MATCH = YES;
				COPY_PHASE_STRIP = NO;
				DEBUG_INFORMATION_FORMAT = "dwarf-with-dsym";
				ENABLE_NS_ASSERTIONS = NO;
				ENABLE_STRICT_OBJC_MSGSEND = YES;
				GCC_C_LANGUAGE_STANDARD = gnu11;
				GCC_NO_COMMON_BLOCKS = YES;
				GCC_WARN_64_TO_32_BIT_CONVERSION = YES;
				GCC_WARN_ABOUT_RETURN_TYPE = YES_ERROR;
				GCC_WARN_UNDECLARED_SELECTOR = YES;
				GCC_WARN_UNINITIALIZED_AUTOS = YES_AGGRESSIVE;
				GCC_WARN_UNUSED_FUNCTION = YES;
				GCC_WARN_UNUSED_VARIABLE = YES;
				IPHONEOS_DEPLOYMENT_TARGET = 14.5;
				MTL_ENABLE_DEBUG_INFO = NO;
				MTL_FAST_MATH = YES;
				SDKROOT = iphoneos;
				SWIFT_COMPILATION_MODE = wholemodule;
				SWIFT_OPTIMIZATION_LEVEL = "-O";
				VALIDATE_PRODUCT = YES;
			};
			name = Release;
		};
		3C66979626426C4800D4F3B2 /* Debug */ = {
			isa = XCBuildConfiguration;
			buildSettings = {
				ASSETCATALOG_COMPILER_APPICON_NAME = AppIcon;
				ASSETCATALOG_COMPILER_GLOBAL_ACCENT_COLOR_NAME = AccentColor;
				CODE_SIGN_STYLE = Automatic;
				DEVELOPMENT_TEAM = UVC4JM6XD4;
				INFOPLIST_FILE = Adopte/Info.plist;
				IPHONEOS_DEPLOYMENT_TARGET = 13.6;
				LD_RUNPATH_SEARCH_PATHS = (
					"$(inherited)",
					"@executable_path/Frameworks",
				);
				PRODUCT_BUNDLE_IDENTIFIER = com.faustinveyssiere.Adopte;
				PRODUCT_NAME = "$(TARGET_NAME)";
				SWIFT_VERSION = 5.0;
				TARGETED_DEVICE_FAMILY = "1,2";
			};
			name = Debug;
		};
		3C66979726426C4800D4F3B2 /* Release */ = {
			isa = XCBuildConfiguration;
			buildSettings = {
				ASSETCATALOG_COMPILER_APPICON_NAME = AppIcon;
				ASSETCATALOG_COMPILER_GLOBAL_ACCENT_COLOR_NAME = AccentColor;
				CODE_SIGN_STYLE = Automatic;
				DEVELOPMENT_TEAM = UVC4JM6XD4;
				INFOPLIST_FILE = Adopte/Info.plist;
				IPHONEOS_DEPLOYMENT_TARGET = 13.6;
				LD_RUNPATH_SEARCH_PATHS = (
					"$(inherited)",
					"@executable_path/Frameworks",
				);
				PRODUCT_BUNDLE_IDENTIFIER = com.faustinveyssiere.Adopte;
				PRODUCT_NAME = "$(TARGET_NAME)";
				SWIFT_VERSION = 5.0;
				TARGETED_DEVICE_FAMILY = "1,2";
			};
			name = Release;
		};
		3C66979926426C4800D4F3B2 /* Debug */ = {
			isa = XCBuildConfiguration;
			buildSettings = {
				ALWAYS_EMBED_SWIFT_STANDARD_LIBRARIES = YES;
				BUNDLE_LOADER = "$(TEST_HOST)";
				CODE_SIGN_STYLE = Automatic;
				DEVELOPMENT_TEAM = UVC4JM6XD4;
				INFOPLIST_FILE = AdopteTests/Info.plist;
				IPHONEOS_DEPLOYMENT_TARGET = 14.5;
				LD_RUNPATH_SEARCH_PATHS = (
					"$(inherited)",
					"@executable_path/Frameworks",
					"@loader_path/Frameworks",
				);
				PRODUCT_BUNDLE_IDENTIFIER = com.faustinveyssiere.AdopteTests;
				PRODUCT_NAME = "$(TARGET_NAME)";
				SWIFT_VERSION = 5.0;
				TARGETED_DEVICE_FAMILY = "1,2";
				TEST_HOST = "$(BUILT_PRODUCTS_DIR)/Adopte.app/Adopte";
			};
			name = Debug;
		};
		3C66979A26426C4800D4F3B2 /* Release */ = {
			isa = XCBuildConfiguration;
			buildSettings = {
				ALWAYS_EMBED_SWIFT_STANDARD_LIBRARIES = YES;
				BUNDLE_LOADER = "$(TEST_HOST)";
				CODE_SIGN_STYLE = Automatic;
				DEVELOPMENT_TEAM = UVC4JM6XD4;
				INFOPLIST_FILE = AdopteTests/Info.plist;
				IPHONEOS_DEPLOYMENT_TARGET = 14.5;
				LD_RUNPATH_SEARCH_PATHS = (
					"$(inherited)",
					"@executable_path/Frameworks",
					"@loader_path/Frameworks",
				);
				PRODUCT_BUNDLE_IDENTIFIER = com.faustinveyssiere.AdopteTests;
				PRODUCT_NAME = "$(TARGET_NAME)";
				SWIFT_VERSION = 5.0;
				TARGETED_DEVICE_FAMILY = "1,2";
				TEST_HOST = "$(BUILT_PRODUCTS_DIR)/Adopte.app/Adopte";
			};
			name = Release;
		};
		3C66979C26426C4800D4F3B2 /* Debug */ = {
			isa = XCBuildConfiguration;
			buildSettings = {
				ALWAYS_EMBED_SWIFT_STANDARD_LIBRARIES = YES;
				CODE_SIGN_STYLE = Automatic;
				DEVELOPMENT_TEAM = UVC4JM6XD4;
				INFOPLIST_FILE = AdopteUITests/Info.plist;
				LD_RUNPATH_SEARCH_PATHS = (
					"$(inherited)",
					"@executable_path/Frameworks",
					"@loader_path/Frameworks",
				);
				PRODUCT_BUNDLE_IDENTIFIER = com.faustinveyssiere.AdopteUITests;
				PRODUCT_NAME = "$(TARGET_NAME)";
				SWIFT_VERSION = 5.0;
				TARGETED_DEVICE_FAMILY = "1,2";
				TEST_TARGET_NAME = Adopte;
			};
			name = Debug;
		};
		3C66979D26426C4800D4F3B2 /* Release */ = {
			isa = XCBuildConfiguration;
			buildSettings = {
				ALWAYS_EMBED_SWIFT_STANDARD_LIBRARIES = YES;
				CODE_SIGN_STYLE = Automatic;
				DEVELOPMENT_TEAM = UVC4JM6XD4;
				INFOPLIST_FILE = AdopteUITests/Info.plist;
				LD_RUNPATH_SEARCH_PATHS = (
					"$(inherited)",
					"@executable_path/Frameworks",
					"@loader_path/Frameworks",
				);
				PRODUCT_BUNDLE_IDENTIFIER = com.faustinveyssiere.AdopteUITests;
				PRODUCT_NAME = "$(TARGET_NAME)";
				SWIFT_VERSION = 5.0;
				TARGETED_DEVICE_FAMILY = "1,2";
				TEST_TARGET_NAME = Adopte;
			};
			name = Release;
		};
/* End XCBuildConfiguration section */

/* Begin XCConfigurationList section */
		3C66976326426C4700D4F3B2 /* Build configuration list for PBXProject "Adopte" */ = {
			isa = XCConfigurationList;
			buildConfigurations = (
				3C66979326426C4800D4F3B2 /* Debug */,
				3C66979426426C4800D4F3B2 /* Release */,
			);
			defaultConfigurationIsVisible = 0;
			defaultConfigurationName = Release;
		};
		3C66979526426C4800D4F3B2 /* Build configuration list for PBXNativeTarget "Adopte" */ = {
			isa = XCConfigurationList;
			buildConfigurations = (
				3C66979626426C4800D4F3B2 /* Debug */,
				3C66979726426C4800D4F3B2 /* Release */,
			);
			defaultConfigurationIsVisible = 0;
			defaultConfigurationName = Release;
		};
		3C66979826426C4800D4F3B2 /* Build configuration list for PBXNativeTarget "AdopteTests" */ = {
			isa = XCConfigurationList;
			buildConfigurations = (
				3C66979926426C4800D4F3B2 /* Debug */,
				3C66979A26426C4800D4F3B2 /* Release */,
			);
			defaultConfigurationIsVisible = 0;
			defaultConfigurationName = Release;
		};
		3C66979B26426C4800D4F3B2 /* Build configuration list for PBXNativeTarget "AdopteUITests" */ = {
			isa = XCConfigurationList;
			buildConfigurations = (
				3C66979C26426C4800D4F3B2 /* Debug */,
				3C66979D26426C4800D4F3B2 /* Release */,
			);
			defaultConfigurationIsVisible = 0;
			defaultConfigurationName = Release;
		};
/* End XCConfigurationList section */

/* Begin XCVersionGroup section */
		3C66977426426C4700D4F3B2 /* Adopte.xcdatamodeld */ = {
			isa = XCVersionGroup;
			children = (
				3C66977526426C4700D4F3B2 /* Adopte.xcdatamodel */,
			);
			currentVersion = 3C66977526426C4700D4F3B2 /* Adopte.xcdatamodel */;
			path = Adopte.xcdatamodeld;
			sourceTree = "<group>";
			versionGroupType = wrapper.xcdatamodel;
		};
/* End XCVersionGroup section */
	};
	rootObject = 3C66976026426C4700D4F3B2 /* Project object */;
}
